
Microsoft Visual Studio Solution File, Format Version 12.00
# Visual Studio Version 16
VisualStudioVersion = 16.0.30114.105
MinimumVisualStudioVersion = 10.0.40219.1
Project("{9A19103F-16F7-4668-BE54-9A1E7A4F7556}") = "API-Program", "API-Program.csproj", "{7FD55ABA-2CF0-41F5-9832-C615EE3C40AF}"
EndProject
Global
	GlobalSection(SolutionConfigurationPlatforms) = preSolution
		Debug|Any CPU = Debug|Any CPU
		Release|Any CPU = Release|Any CPU
	EndGlobalSection
	GlobalSection(ProjectConfigurationPlatforms) = postSolution
		{7FD55ABA-2CF0-41F5-9832-C615EE3C40AF}.Debug|Any CPU.ActiveCfg = Debug|Any CPU
		{7FD55ABA-2CF0-41F5-9832-C615EE3C40AF}.Debug|Any CPU.Build.0 = Debug|Any CPU
		{7FD55ABA-2CF0-41F5-9832-C615EE3C40AF}.Release|Any CPU.ActiveCfg = Release|Any CPU
		{7FD55ABA-2CF0-41F5-9832-C615EE3C40AF}.Release|Any CPU.Build.0 = Release|Any CPU
	EndGlobalSection
	GlobalSection(SolutionProperties) = preSolution
		HideSolutionNode = FALSE
	EndGlobalSection
	GlobalSection(ExtensibilityGlobals) = postSolution
		SolutionGuid = {824E34AE-4588-413C-A6D5-E895A500129C}
	EndGlobalSection
EndGlobal
